
Microsoft Visual Studio Solution File, Format Version 12.00
# Visual Studio Version 16
VisualStudioVersion = 16.0.31624.102
MinimumVisualStudioVersion = 10.0.40219.1
Project("{888888A0-9F3D-457C-B088-3A5042F75D52}") = "helloworldprogram", "helloworldprogram\helloworldprogram.pyproj", "{156D4887-BD08-4B61-B4C1-19090F062907}"
EndProject
Global
	GlobalSection(SolutionConfigurationPlatforms) = preSolution
		Debug|Any CPU = Debug|Any CPU
		Release|Any CPU = Release|Any CPU
	EndGlobalSection
	GlobalSection(ProjectConfigurationPlatforms) = postSolution
		{156D4887-BD08-4B61-B4C1-19090F062907}.Debug|Any CPU.ActiveCfg = Debug|Any CPU
		{156D4887-BD08-4B61-B4C1-19090F062907}.Release|Any CPU.ActiveCfg = Release|Any CPU
	EndGlobalSection
	GlobalSection(SolutionProperties) = preSolution
		HideSolutionNode = FALSE
	EndGlobalSection
	GlobalSection(ExtensibilityGlobals) = postSolution
		SolutionGuid = {14DE182A-BB9B-4509-A290-5A27F0A3382C}
	EndGlobalSection
EndGlobal
